
Microsoft Visual Studio Solution File, Format Version 12.00
# Visual Studio Version 16
VisualStudioVersion = 16.0.32228.343
MinimumVisualStudioVersion = 10.0.40219.1
Project("{FAE04EC0-301F-11D3-BF4B-00C04F79EFBC}") = "Assembly-CSharp", "Assembly-CSharp.csproj", "{480FF43D-36BF-C723-40B6-7611037A4E20}"
EndProject
Project("{FAE04EC0-301F-11D3-BF4B-00C04F79EFBC}") = "AstarPathfindingProject", "AstarPathfindingProject.csproj", "{9205B677-C43E-04F5-46AD-00B6C639A76C}"
EndProject
Project("{FAE04EC0-301F-11D3-BF4B-00C04F79EFBC}") = "AstarPathfindingProjectEditor", "AstarPathfindingProjectEditor.csproj", "{F3AEAEE2-8EA5-607F-54D8-BDCE0F21439C}"
EndProject
Project("{FAE04EC0-301F-11D3-BF4B-00C04F79EFBC}") = "PackageToolsEditor", "PackageToolsEditor.csproj", "{AEC82022-59C1-3FA6-2F6A-69B031A3FDE4}"
EndProject
Global
	GlobalSection(SolutionConfigurationPlatforms) = preSolution
		Debug|Any CPU = Debug|Any CPU
		Release|Any CPU = Release|Any CPU
	EndGlobalSection
	GlobalSection(ProjectConfigurationPlatforms) = postSolution
		{480FF43D-36BF-C723-40B6-7611037A4E20}.Debug|Any CPU.ActiveCfg = Debug|Any CPU
		{480FF43D-36BF-C723-40B6-7611037A4E20}.Debug|Any CPU.Build.0 = Debug|Any CPU
		{480FF43D-36BF-C723-40B6-7611037A4E20}.Release|Any CPU.ActiveCfg = Release|Any CPU
		{480FF43D-36BF-C723-40B6-7611037A4E20}.Release|Any CPU.Build.0 = Release|Any CPU
		{9205B677-C43E-04F5-46AD-00B6C639A76C}.Debug|Any CPU.ActiveCfg = Debug|Any CPU
		{9205B677-C43E-04F5-46AD-00B6C639A76C}.Debug|Any CPU.Build.0 = Debug|Any CPU
		{9205B677-C43E-04F5-46AD-00B6C639A76C}.Release|Any CPU.ActiveCfg = Release|Any CPU
		{9205B677-C43E-04F5-46AD-00B6C639A76C}.Release|Any CPU.Build.0 = Release|Any CPU
		{F3AEAEE2-8EA5-607F-54D8-BDCE0F21439C}.Debug|Any CPU.ActiveCfg = Debug|Any CPU
		{F3AEAEE2-8EA5-607F-54D8-BDCE0F21439C}.Debug|Any CPU.Build.0 = Debug|Any CPU
		{F3AEAEE2-8EA5-607F-54D8-BDCE0F21439C}.Release|Any CPU.ActiveCfg = Release|Any CPU
		{F3AEAEE2-8EA5-607F-54D8-BDCE0F21439C}.Release|Any CPU.Build.0 = Release|Any CPU
		{AEC82022-59C1-3FA6-2F6A-69B031A3FDE4}.Debug|Any CPU.ActiveCfg = Debug|Any CPU
		{AEC82022-59C1-3FA6-2F6A-69B031A3FDE4}.Debug|Any CPU.Build.0 = Debug|Any CPU
		{AEC82022-59C1-3FA6-2F6A-69B031A3FDE4}.Release|Any CPU.ActiveCfg = Release|Any CPU
		{AEC82022-59C1-3FA6-2F6A-69B031A3FDE4}.Release|Any CPU.Build.0 = Release|Any CPU
	EndGlobalSection
	GlobalSection(SolutionProperties) = preSolution
		HideSolutionNode = FALSE
	EndGlobalSection
	GlobalSection(ExtensibilityGlobals) = postSolution
		SolutionGuid = {98EAC815-024F-45D2-ADAA-E753FEFE6284}
	EndGlobalSection
EndGlobal
